
Microsoft Visual Studio Solution File, Format Version 12.00
# Visual Studio Version 16
VisualStudioVersion = 16.0.31515.178
MinimumVisualStudioVersion = 10.0.40219.1
Project("{FAE04EC0-301F-11D3-BF4B-00C04F79EFBC}") = "JokesApp", "JokesApp.csproj", "{E3FE8666-7374-4766-B36C-E8CD5E37C71D}"
EndProject
Global
	GlobalSection(SolutionConfigurationPlatforms) = preSolution
		Debug|Any CPU = Debug|Any CPU
		Release|Any CPU = Release|Any CPU
	EndGlobalSection
	GlobalSection(ProjectConfigurationPlatforms) = postSolution
		{E3FE8666-7374-4766-B36C-E8CD5E37C71D}.Debug|Any CPU.ActiveCfg = Debug|Any CPU
		{E3FE8666-7374-4766-B36C-E8CD5E37C71D}.Debug|Any CPU.Build.0 = Debug|Any CPU
		{E3FE8666-7374-4766-B36C-E8CD5E37C71D}.Release|Any CPU.ActiveCfg = Release|Any CPU
		{E3FE8666-7374-4766-B36C-E8CD5E37C71D}.Release|Any CPU.Build.0 = Release|Any CPU
	EndGlobalSection
	GlobalSection(SolutionProperties) = preSolution
		HideSolutionNode = FALSE
	EndGlobalSection
	GlobalSection(ExtensibilityGlobals) = postSolution
		SolutionGuid = {14DF19A4-931D-4516-A179-ECA8FBF52FFC}
	EndGlobalSection
EndGlobal
